
Microsoft Visual Studio Solution File, Format Version 12.00
# Visual Studio Version 17
VisualStudioVersion = 17.0.32112.339
MinimumVisualStudioVersion = 10.0.40219.1
Project("{9A19103F-16F7-4668-BE54-9A1E7A4F7556}") = "back-end", "back-end.csproj", "{F9CAE4EA-CB02-45B4-954A-619C3D576AE9}"
EndProject
Global
	GlobalSection(SolutionConfigurationPlatforms) = preSolution
		Debug|Any CPU = Debug|Any CPU
		Release|Any CPU = Release|Any CPU
	EndGlobalSection
	GlobalSection(ProjectConfigurationPlatforms) = postSolution
		{F9CAE4EA-CB02-45B4-954A-619C3D576AE9}.Debug|Any CPU.ActiveCfg = Debug|Any CPU
		{F9CAE4EA-CB02-45B4-954A-619C3D576AE9}.Debug|Any CPU.Build.0 = Debug|Any CPU
		{F9CAE4EA-CB02-45B4-954A-619C3D576AE9}.Release|Any CPU.ActiveCfg = Release|Any CPU
		{F9CAE4EA-CB02-45B4-954A-619C3D576AE9}.Release|Any CPU.Build.0 = Release|Any CPU
	EndGlobalSection
	GlobalSection(SolutionProperties) = preSolution
		HideSolutionNode = FALSE
	EndGlobalSection
	GlobalSection(ExtensibilityGlobals) = postSolution
		SolutionGuid = {8A3AB4D9-0C4F-4893-B7EC-3FA69ABC92C7}
	EndGlobalSection
EndGlobal
